
Microsoft Visual Studio Solution File, Format Version 12.00
# Visual Studio Version 17
VisualStudioVersion = 17.11.35222.181
MinimumVisualStudioVersion = 10.0.40219.1
Project("{9A19103F-16F7-4668-BE54-9A1E7A4F7556}") = "DatingTelegramBot", "DatingTelegramBot\DatingTelegramBot.csproj", "{589F3E82-BDD7-41A5-817A-3C2DD01D5627}"
EndProject
Project("{2150E333-8FDC-42A3-9474-1A3956D46DE8}") = "Presentation", "Presentation", "{D5F1B216-8454-401C-9DCD-D00C8F99F59A}"
EndProject
Project("{2150E333-8FDC-42A3-9474-1A3956D46DE8}") = "Core", "Core", "{FBA766EB-74C3-41FC-B1D9-3F43CB46D06C}"
EndProject
Project("{2150E333-8FDC-42A3-9474-1A3956D46DE8}") = "Infrastructure", "Infrastructure", "{763E1A22-CF53-4420-9CDB-74278B0D10AA}"
EndProject
Project("{9A19103F-16F7-4668-BE54-9A1E7A4F7556}") = "DatingTelegramBot.Domain", "DatingTelegramBot.Domain\DatingTelegramBot.Domain.csproj", "{6ACA250B-1DA5-4FC8-BD4E-01D064FC41F9}"
EndProject
Project("{9A19103F-16F7-4668-BE54-9A1E7A4F7556}") = "DatingTelegramBot.Application", "DatingTelegramBot.Application\DatingTelegramBot.Application.csproj", "{EDCFA880-63ED-4C82-AE6D-4EE22E942324}"
EndProject
Project("{9A19103F-16F7-4668-BE54-9A1E7A4F7556}") = "DatingTelegramBot.Persistence", "DatingTelegramBot.Persistence\DatingTelegramBot.Persistence.csproj", "{B4555989-A6F6-4EE8-97FE-1DE940CAB27F}"
EndProject
Project("{9A19103F-16F7-4668-BE54-9A1E7A4F7556}") = "DatingTelegramBot.Service", "DatingTelegramBot.Service\DatingTelegramBot.Service.csproj", "{F072A52F-F433-4480-A017-98998EC802E9}"
EndProject
Global
	GlobalSection(SolutionConfigurationPlatforms) = preSolution
		Debug|Any CPU = Debug|Any CPU
		Release|Any CPU = Release|Any CPU
	EndGlobalSection
	GlobalSection(ProjectConfigurationPlatforms) = postSolution
		{589F3E82-BDD7-41A5-817A-3C2DD01D5627}.Debug|Any CPU.ActiveCfg = Debug|Any CPU
		{589F3E82-BDD7-41A5-817A-3C2DD01D5627}.Debug|Any CPU.Build.0 = Debug|Any CPU
		{589F3E82-BDD7-41A5-817A-3C2DD01D5627}.Release|Any CPU.ActiveCfg = Release|Any CPU
		{589F3E82-BDD7-41A5-817A-3C2DD01D5627}.Release|Any CPU.Build.0 = Release|Any CPU
		{6ACA250B-1DA5-4FC8-BD4E-01D064FC41F9}.Debug|Any CPU.ActiveCfg = Debug|Any CPU
		{6ACA250B-1DA5-4FC8-BD4E-01D064FC41F9}.Debug|Any CPU.Build.0 = Debug|Any CPU
		{6ACA250B-1DA5-4FC8-BD4E-01D064FC41F9}.Release|Any CPU.ActiveCfg = Release|Any CPU
		{6ACA250B-1DA5-4FC8-BD4E-01D064FC41F9}.Release|Any CPU.Build.0 = Release|Any CPU
		{EDCFA880-63ED-4C82-AE6D-4EE22E942324}.Debug|Any CPU.ActiveCfg = Debug|Any CPU
		{EDCFA880-63ED-4C82-AE6D-4EE22E942324}.Debug|Any CPU.Build.0 = Debug|Any CPU
		{EDCFA880-63ED-4C82-AE6D-4EE22E942324}.Release|Any CPU.ActiveCfg = Release|Any CPU
		{EDCFA880-63ED-4C82-AE6D-4EE22E942324}.Release|Any CPU.Build.0 = Release|Any CPU
		{B4555989-A6F6-4EE8-97FE-1DE940CAB27F}.Debug|Any CPU.ActiveCfg = Debug|Any CPU
		{B4555989-A6F6-4EE8-97FE-1DE940CAB27F}.Debug|Any CPU.Build.0 = Debug|Any CPU
		{B4555989-A6F6-4EE8-97FE-1DE940CAB27F}.Release|Any CPU.ActiveCfg = Release|Any CPU
		{B4555989-A6F6-4EE8-97FE-1DE940CAB27F}.Release|Any CPU.Build.0 = Release|Any CPU
		{F072A52F-F433-4480-A017-98998EC802E9}.Debug|Any CPU.ActiveCfg = Debug|Any CPU
		{F072A52F-F433-4480-A017-98998EC802E9}.Debug|Any CPU.Build.0 = Debug|Any CPU
		{F072A52F-F433-4480-A017-98998EC802E9}.Release|Any CPU.ActiveCfg = Release|Any CPU
		{F072A52F-F433-4480-A017-98998EC802E9}.Release|Any CPU.Build.0 = Release|Any CPU
	EndGlobalSection
	GlobalSection(SolutionProperties) = preSolution
		HideSolutionNode = FALSE
	EndGlobalSection
	GlobalSection(NestedProjects) = preSolution
		{589F3E82-BDD7-41A5-817A-3C2DD01D5627} = {D5F1B216-8454-401C-9DCD-D00C8F99F59A}
		{6ACA250B-1DA5-4FC8-BD4E-01D064FC41F9} = {FBA766EB-74C3-41FC-B1D9-3F43CB46D06C}
		{EDCFA880-63ED-4C82-AE6D-4EE22E942324} = {FBA766EB-74C3-41FC-B1D9-3F43CB46D06C}
		{B4555989-A6F6-4EE8-97FE-1DE940CAB27F} = {763E1A22-CF53-4420-9CDB-74278B0D10AA}
		{F072A52F-F433-4480-A017-98998EC802E9} = {763E1A22-CF53-4420-9CDB-74278B0D10AA}
	EndGlobalSection
	GlobalSection(ExtensibilityGlobals) = postSolution
		SolutionGuid = {1288510A-ECC8-457C-8A62-143162FF5ED2}
	EndGlobalSection
EndGlobal
